
Microsoft Visual Studio Solution File, Format Version 12.00
# Visual Studio Version 17
VisualStudioVersion = 17.8.34408.163
MinimumVisualStudioVersion = 10.0.40219.1
Project("{FAE04EC0-301F-11D3-BF4B-00C04F79EFBC}") = "lab1q2", "lab1q2\lab1q2.csproj", "{37FA8F59-D1A5-4098-9A9C-348A984DCE3E}"
EndProject
Global
	GlobalSection(SolutionConfigurationPlatforms) = preSolution
		Debug|Any CPU = Debug|Any CPU
		Release|Any CPU = Release|Any CPU
	EndGlobalSection
	GlobalSection(ProjectConfigurationPlatforms) = postSolution
		{37FA8F59-D1A5-4098-9A9C-348A984DCE3E}.Debug|Any CPU.ActiveCfg = Debug|Any CPU
		{37FA8F59-D1A5-4098-9A9C-348A984DCE3E}.Debug|Any CPU.Build.0 = Debug|Any CPU
		{37FA8F59-D1A5-4098-9A9C-348A984DCE3E}.Release|Any CPU.ActiveCfg = Release|Any CPU
		{37FA8F59-D1A5-4098-9A9C-348A984DCE3E}.Release|Any CPU.Build.0 = Release|Any CPU
	EndGlobalSection
	GlobalSection(SolutionProperties) = preSolution
		HideSolutionNode = FALSE
	EndGlobalSection
	GlobalSection(ExtensibilityGlobals) = postSolution
		SolutionGuid = {15BE37FD-0198-429A-A3A3-FCCF275FB2CA}
	EndGlobalSection
EndGlobal
